// !$*UTF8*$!
{
	archiveVersion = 1;
	classes = {
	};
	objectVersion = 55;
	objects = {

/* Begin PBXBuildFile section */
		282A1FAC293AEDC600F89E19 /* AppDelegate.swift in Sources */ = {isa = PBXBuildFile; fileRef = 282A1FAB293AEDC600F89E19 /* AppDelegate.swift */; };
		282A1FAE293AEDC600F89E19 /* SceneDelegate.swift in Sources */ = {isa = PBXBuildFile; fileRef = 282A1FAD293AEDC600F89E19 /* SceneDelegate.swift */; };
		282A1FB0293AEDC600F89E19 /* ViewController.swift in Sources */ = {isa = PBXBuildFile; fileRef = 282A1FAF293AEDC600F89E19 /* ViewController.swift */; };
		282A1FB3293AEDC600F89E19 /* Main.storyboard in Resources */ = {isa = PBXBuildFile; fileRef = 282A1FB1293AEDC600F89E19 /* Main.storyboard */; };
		282A1FB5293AEDD000F89E19 /* Assets.xcassets in Resources */ = {isa = PBXBuildFile; fileRef = 282A1FB4293AEDD000F89E19 /* Assets.xcassets */; };
		282A1FB8293AEDD000F89E19 /* LaunchScreen.storyboard in Resources */ = {isa = PBXBuildFile; fileRef = 282A1FB6293AEDD000F89E19 /* LaunchScreen.storyboard */; };
		C748214D3797CE9FD9472FF4 /* Pods_Firebase_Demo.framework in Frameworks */ = {isa = PBXBuildFile; fileRef = 8029417D3BEDBE7F82516F73 /* Pods_Firebase_Demo.framework */; };
/* End PBXBuildFile section */

/* Begin PBXFileReference section */
		282A1FA8293AEDC600F89E19 /* Firebase-Demo.app */ = {isa = PBXFileReference; explicitFileType = wrapper.application; includeInIndex = 0; path = "Firebase-Demo.app"; sourceTree = BUILT_PRODUCTS_DIR; };
		282A1FAB293AEDC600F89E19 /* AppDelegate.swift */ = {isa = PBXFileReference; lastKnownFileType = sourcecode.swift; path = AppDelegate.swift; sourceTree = "<group>"; };
		282A1FAD293AEDC600F89E19 /* SceneDelegate.swift */ = {isa = PBXFileReference; lastKnownFileType = sourcecode.swift; path = SceneDelegate.swift; sourceTree = "<group>"; };
		282A1FAF293AEDC600F89E19 /* ViewController.swift */ = {isa = PBXFileReference; lastKnownFileType = sourcecode.swift; path = ViewController.swift; sourceTree = "<group>"; };
		282A1FB2293AEDC600F89E19 /* Base */ = {isa = PBXFileReference; lastKnownFileType = file.storyboard; name = Base; path = Base.lproj/Main.storyboard; sourceTree = "<group>"; };
		282A1FB4293AEDD000F89E19 /* Assets.xcassets */ = {isa = PBXFileReference; lastKnownFileType = folder.assetcatalog; path = Assets.xcassets; sourceTree = "<group>"; };
		282A1FB7293AEDD000F89E19 /* Base */ = {isa = PBXFileReference; lastKnownFileType = file.storyboard; name = Base; path = Base.lproj/LaunchScreen.storyboard; sourceTree = "<group>"; };
		282A1FB9293AEDD000F89E19 /* Info.plist */ = {isa = PBXFileReference; lastKnownFileType = text.plist.xml; path = Info.plist; sourceTree = "<group>"; };
		8029417D3BEDBE7F82516F73 /* Pods_Firebase_Demo.framework */ = {isa = PBXFileReference; explicitFileType = wrapper.framework; includeInIndex = 0; path = Pods_Firebase_Demo.framework; sourceTree = BUILT_PRODUCTS_DIR; };
		E723981D4F7CC81C4D3507AF /* Pods-Firebase-Demo.release.xcconfig */ = {isa = PBXFileReference; includeInIndex = 1; lastKnownFileType = text.xcconfig; name = "Pods-Firebase-Demo.release.xcconfig"; path = "Target Support Files/Pods-Firebase-Demo/Pods-Firebase-Demo.release.xcconfig"; sourceTree = "<group>"; };
		FE2D072E2767DB175EB839EA /* Pods-Firebase-Demo.debug.xcconfig */ = {isa = PBXFileReference; includeInIndex = 1; lastKnownFileType = text.xcconfig; name = "Pods-Firebase-Demo.debug.xcconfig"; path = "Target Support Files/Pods-Firebase-Demo/Pods-Firebase-Demo.debug.xcconfig"; sourceTree = "<group>"; };
/* End PBXFileReference section */

/* Begin PBXFrameworksBuildPhase section */
		282A1FA5293AEDC600F89E19 /* Frameworks */ = {
			isa = PBXFrameworksBuildPhase;
			buildActionMask = 2147483647;
			files = (
				C748214D3797CE9FD9472FF4 /* Pods_Firebase_Demo.framework in Frameworks */,
			);
			runOnlyForDeploymentPostprocessing = 0;
		};
/* End PBXFrameworksBuildPhase section */

/* Begin PBXGroup section */
		282A1F9F293AEDC600F89E19 = {
			isa = PBXGroup;
			children = (
				282A1FAA293AEDC600F89E19 /* Firebase-Demo */,
				282A1FA9293AEDC600F89E19 /* Products */,
				8FB11FE8046BECAC97B1AE23 /* Pods */,
				F27787E13E5012A646729C20 /* Frameworks */,
			);
			sourceTree = "<group>";
		};
		282A1FA9293AEDC600F89E19 /* Products */ = {
			isa = PBXGroup;
			children = (
				282A1FA8293AEDC600F89E19 /* Firebase-Demo.app */,
			);
			name = Products;
			sourceTree = "<group>";
		};
		282A1FAA293AEDC600F89E19 /* Firebase-Demo */ = {
			isa = PBXGroup;
			children = (
				282A1FAB293AEDC600F89E19 /* AppDelegate.swift */,
				282A1FAD293AEDC600F89E19 /* SceneDelegate.swift */,
				282A1FAF293AEDC600F89E19 /* ViewController.swift */,
				282A1FB1293AEDC600F89E19 /* Main.storyboard */,
				282A1FB4293AEDD000F89E19 /* Assets.xcassets */,
				282A1FB6293AEDD000F89E19 /* LaunchScreen.storyboard */,
				282A1FB9293AEDD000F89E19 /* Info.plist */,
			);
			path = "Firebase-Demo";
			sourceTree = "<group>";
		};
		8FB11FE8046BECAC97B1AE23 /* Pods */ = {
			isa = PBXGroup;
			children = (
				FE2D072E2767DB175EB839EA /* Pods-Firebase-Demo.debug.xcconfig */,
				E723981D4F7CC81C4D3507AF /* Pods-Firebase-Demo.release.xcconfig */,
			);
			name = Pods;
			path = Pods;
			sourceTree = "<group>";
		};
		F27787E13E5012A646729C20 /* Frameworks */ = {
			isa = PBXGroup;
			children = (
				8029417D3BEDBE7F82516F73 /* Pods_Firebase_Demo.framework */,
			);
			name = Frameworks;
			sourceTree = "<group>";
		};
/* End PBXGroup section */

/* Begin PBXNativeTarget section */
		282A1FA7293AEDC600F89E19 /* Firebase-Demo */ = {
			isa = PBXNativeTarget;
			buildConfigurationList = 282A1FBC293AEDD000F89E19 /* Build configuration list for PBXNativeTarget "Firebase-Demo" */;
			buildPhases = (
				536BED276F78D8622FA8E5F0 /* [CP] Check Pods Manifest.lock */,
				282A1FA4293AEDC600F89E19 /* Sources */,
				282A1FA5293AEDC600F89E19 /* Frameworks */,
				282A1FA6293AEDC600F89E19 /* Resources */,
				B509081F618D76FA1F2D1956 /* [CP] Embed Pods Frameworks */,
			);
			buildRules = (
			);
			dependencies = (
			);
			name = "Firebase-Demo";
			productName = "Firebase-Demo";
			productReference = 282A1FA8293AEDC600F89E19 /* Firebase-Demo.app */;
			productType = "com.apple.product-type.application";
		};
/* End PBXNativeTarget section */

/* Begin PBXProject section */
		282A1FA0293AEDC600F89E19 /* Project object */ = {
			isa = PBXProject;
			attributes = {
				BuildIndependentTargetsInParallel = 1;
				LastSwiftUpdateCheck = 1340;
				LastUpgradeCheck = 1340;
				TargetAttributes = {
					282A1FA7293AEDC600F89E19 = {
						CreatedOnToolsVersion = 13.4.1;
					};
				};
			};
			buildConfigurationList = 282A1FA3293AEDC600F89E19 /* Build configuration list for PBXProject "Firebase-Demo" */;
			compatibilityVersion = "Xcode 13.0";
			developmentRegion = en;
			hasScannedForEncodings = 0;
			knownRegions = (
				en,
				Base,
			);
			mainGroup = 282A1F9F293AEDC600F89E19;
			productRefGroup = 282A1FA9293AEDC600F89E19 /* Products */;
			projectDirPath = "";
			projectRoot = "";
			targets = (
				282A1FA7293AEDC600F89E19 /* Firebase-Demo */,
			);
		};
/* End PBXProject section */

/* Begin PBXResourcesBuildPhase section */
		282A1FA6293AEDC600F89E19 /* Resources */ = {
			isa = PBXResourcesBuildPhase;
			buildActionMask = 2147483647;
			files = (
				282A1FB8293AEDD000F89E19 /* LaunchScreen.storyboard in Resources */,
				282A1FB5293AEDD000F89E19 /* Assets.xcassets in Resources */,
				282A1FB3293AEDC600F89E19 /* Main.storyboard in Resources */,
			);
			runOnlyForDeploymentPostprocessing = 0;
		};
/* End PBXResourcesBuildPhase section */

/* Begin PBXShellScriptBuildPhase section */
		536BED276F78D8622FA8E5F0 /* [CP] Check Pods Manifest.lock */ = {
			isa = PBXShellScriptBuildPhase;
			buildActionMask = 2147483647;
			files = (
			);
			inputFileListPaths = (
			);
			inputPaths = (
				"${PODS_PODFILE_DIR_PATH}/Podfile.lock",
				"${PODS_ROOT}/Manifest.lock",
			);
			name = "[CP] Check Pods Manifest.lock";
			outputFileListPaths = (
			);
			outputPaths = (
				"$(DERIVED_FILE_DIR)/Pods-Firebase-Demo-checkManifestLockResult.txt",
			);
			runOnlyForDeploymentPostprocessing = 0;
			shellPath = /bin/sh;
			shellScript = "diff \"${PODS_PODFILE_DIR_PATH}/Podfile.lock\" \"${PODS_ROOT}/Manifest.lock\" > /dev/null\nif [ $? != 0 ] ; then\n    # print error to STDERR\n    echo \"error: The sandbox is not in sync with the Podfile.lock. Run 'pod install' or update your CocoaPods installation.\" >&2\n    exit 1\nfi\n# This output is used by Xcode 'outputs' to avoid re-running this script phase.\necho \"SUCCESS\" > \"${SCRIPT_OUTPUT_FILE_0}\"\n";
			showEnvVarsInLog = 0;
		};
		B509081F618D76FA1F2D1956 /* [CP] Embed Pods Frameworks */ = {
			isa = PBXShellScriptBuildPhase;
			buildActionMask = 2147483647;
			files = (
			);
			inputFileListPaths = (
				"${PODS_ROOT}/Target Support Files/Pods-Firebase-Demo/Pods-Firebase-Demo-frameworks-${CONFIGURATION}-input-files.xcfilelist",
			);
			name = "[CP] Embed Pods Frameworks";
			outputFileListPaths = (
				"${PODS_ROOT}/Target Support Files/Pods-Firebase-Demo/Pods-Firebase-Demo-frameworks-${CONFIGURATION}-output-files.xcfilelist",
			);
			runOnlyForDeploymentPostprocessing = 0;
			shellPath = /bin/sh;
			shellScript = "\"${PODS_ROOT}/Target Support Files/Pods-Firebase-Demo/Pods-Firebase-Demo-frameworks.sh\"\n";
			showEnvVarsInLog = 0;
		};
/* End PBXShellScriptBuildPhase section */

/* Begin PBXSourcesBuildPhase section */
		282A1FA4293AEDC600F89E19 /* Sources */ = {
			isa = PBXSourcesBuildPhase;
			buildActionMask = 2147483647;
			files = (
				282A1FB0293AEDC600F89E19 /* ViewController.swift in Sources */,
				282A1FAC293AEDC600F89E19 /* AppDelegate.swift in Sources */,
				282A1FAE293AEDC600F89E19 /* SceneDelegate.swift in Sources */,
			);
			runOnlyForDeploymentPostprocessing = 0;
		};
/* End PBXSourcesBuildPhase section */

/* Begin PBXVariantGroup section */
		282A1FB1293AEDC600F89E19 /* Main.storyboard */ = {
			isa = PBXVariantGroup;
			children = (
				282A1FB2293AEDC600F89E19 /* Base */,
			);
			name = Main.storyboard;
			sourceTree = "<group>";
		};
		282A1FB6293AEDD000F89E19 /* LaunchScreen.storyboard */ = {
			isa = PBXVariantGroup;
			children = (
				282A1FB7293AEDD000F89E19 /* Base */,
			);
			name = LaunchScreen.storyboard;
			sourceTree = "<group>";
		};
/* End PBXVariantGroup section */

/* Begin XCBuildConfiguration section */
		282A1FBA293AEDD000F89E19 /* Debug */ = {
			isa = XCBuildConfiguration;
			buildSettings = {
				ALWAYS_SEARCH_USER_PATHS = NO;
				CLANG_ANALYZER_NONNULL = YES;
				CLANG_ANALYZER_NUMBER_OBJECT_CONVERSION = YES_AGGRESSIVE;
				CLANG_CXX_LANGUAGE_STANDARD = "gnu++17";
				CLANG_ENABLE_MODULES = YES;
				CLANG_ENABLE_OBJC_ARC = YES;
				CLANG_ENABLE_OBJC_WEAK = YES;
				CLANG_WARN_BLOCK_CAPTURE_AUTORELEASING = YES;
				CLANG_WARN_BOOL_CONVERSION = YES;
				CLANG_WARN_COMMA = YES;
				CLANG_WARN_CONSTANT_CONVERSION = YES;
				CLANG_WARN_DEPRECATED_OBJC_IMPLEMENTATIONS = YES;
				CLANG_WARN_DIRECT_OBJC_ISA_USAGE = YES_ERROR;
				CLANG_WARN_DOCUMENTATION_COMMENTS = YES;
				CLANG_WARN_EMPTY_BODY = YES;
				CLANG_WARN_ENUM_CONVERSION = YES;
				CLANG_WARN_INFINITE_RECURSION = YES;
				CLANG_WARN_INT_CONVERSION = YES;
				CLANG_WARN_NON_LITERAL_NULL_CONVERSION = YES;
				CLANG_WARN_OBJC_IMPLICIT_RETAIN_SELF = YES;
				CLANG_WARN_OBJC_LITERAL_CONVERSION = YES;
				CLANG_WARN_OBJC_ROOT_CLASS = YES_ERROR;
				CLANG_WARN_QUOTED_INCLUDE_IN_FRAMEWORK_HEADER = YES;
				CLANG_WARN_RANGE_LOOP_ANALYSIS = YES;
				CLANG_WARN_STRICT_PROTOTYPES = YES;
				CLANG_WARN_SUSPICIOUS_MOVE = YES;
				CLANG_WARN_UNGUARDED_AVAILABILITY = YES_AGGRESSIVE;
				CLANG_WARN_UNREACHABLE_CODE = YES;
				CLANG_WARN__DUPLICATE_METHOD_MATCH = YES;
				COPY_PHASE_STRIP = NO;
				DEBUG_INFORMATION_FORMAT = dwarf;
				ENABLE_STRICT_OBJC_MSGSEND = YES;
				ENABLE_TESTABILITY = YES;
				GCC_C_LANGUAGE_STANDARD = gnu11;
				GCC_DYNAMIC_NO_PIC = NO;
				GCC_NO_COMMON_BLOCKS = YES;
				GCC_OPTIMIZATION_LEVEL = 0;
				GCC_PREPROCESSOR_DEFINITIONS = (
					"DEBUG=1",
					"$(inherited)",
				);
				GCC_WARN_64_TO_32_BIT_CONVERSION = YES;
				GCC_WARN_ABOUT_RETURN_TYPE = YES_ERROR;
				GCC_WARN_UNDECLARED_SELECTOR = YES;
				GCC_WARN_UNINITIALIZED_AUTOS = YES_AGGRESSIVE;
				GCC_WARN_UNUSED_FUNCTION = YES;
				GCC_WARN_UNUSED_VARIABLE = YES;
				IPHONEOS_DEPLOYMENT_TARGET = 15.5;
				MTL_ENABLE_DEBUG_INFO = INCLUDE_SOURCE;
				MTL_FAST_MATH = YES;
				ONLY_ACTIVE_ARCH = YES;
				SDKROOT = iphoneos;
				SWIFT_ACTIVE_COMPILATION_CONDITIONS = DEBUG;
				SWIFT_OPTIMIZATION_LEVEL = "-Onone";
			};
			name = Debug;
		};
		282A1FBB293AEDD000F89E19 /* Release */ = {
			isa = XCBuildConfiguration;
			buildSettings = {
				ALWAYS_SEARCH_USER_PATHS = NO;
				CLANG_ANALYZER_NONNULL = YES;
				CLANG_ANALYZER_NUMBER_OBJECT_CONVERSION = YES_AGGRESSIVE;
				CLANG_CXX_LANGUAGE_STANDARD = "gnu++17";
				CLANG_ENABLE_MODULES = YES;
				CLANG_ENABLE_OBJC_ARC = YES;
				CLANG_ENABLE_OBJC_WEAK = YES;
				CLANG_WARN_BLOCK_CAPTURE_AUTORELEASING = YES;
				CLANG_WARN_BOOL_CONVERSION = YES;
				CLANG_WARN_COMMA = YES;
				CLANG_WARN_CONSTANT_CONVERSION = YES;
				CLANG_WARN_DEPRECATED_OBJC_IMPLEMENTATIONS = YES;
				CLANG_WARN_DIRECT_OBJC_ISA_USAGE = YES_ERROR;
				CLANG_WARN_DOCUMENTATION_COMMENTS = YES;
				CLANG_WARN_EMPTY_BODY = YES;
				CLANG_WARN_ENUM_CONVERSION = YES;
				CLANG_WARN_INFINITE_RECURSION = YES;
				CLANG_WARN_INT_CONVERSION = YES;
				CLANG_WARN_NON_LITERAL_NULL_CONVERSION = YES;
				CLANG_WARN_OBJC_IMPLICIT_RETAIN_SELF = YES;
				CLANG_WARN_OBJC_LITERAL_CONVERSION = YES;
				CLANG_WARN_OBJC_ROOT_CLASS = YES_ERROR;
				CLANG_WARN_QUOTED_INCLUDE_IN_FRAMEWORK_HEADER = YES;
				CLANG_WARN_RANGE_LOOP_ANALYSIS = YES;
				CLANG_WARN_STRICT_PROTOTYPES = YES;
				CLANG_WARN_SUSPICIOUS_MOVE = YES;
				CLANG_WARN_UNGUARDED_AVAILABILITY = YES_AGGRESSIVE;
				CLANG_WARN_UNREACHABLE_CODE = YES;
				CLANG_WARN__DUPLICATE_METHOD_MATCH = YES;
				COPY_PHASE_STRIP = NO;
				DEBUG_INFORMATION_FORMAT = "dwarf-with-dsym";
				ENABLE_NS_ASSERTIONS = NO;
				ENABLE_STRICT_OBJC_MSGSEND = YES;
				GCC_C_LANGUAGE_STANDARD = gnu11;
				GCC_NO_COMMON_BLOCKS = YES;
				GCC_WARN_64_TO_32_BIT_CONVERSION = YES;
				GCC_WARN_ABOUT_RETURN_TYPE = YES_ERROR;
				GCC_WARN_UNDECLARED_SELECTOR = YES;
				GCC_WARN_UNINITIALIZED_AUTOS = YES_AGGRESSIVE;
				GCC_WARN_UNUSED_FUNCTION = YES;
				GCC_WARN_UNUSED_VARIABLE = YES;
				IPHONEOS_DEPLOYMENT_TARGET = 15.5;
				MTL_ENABLE_DEBUG_INFO = NO;
				MTL_FAST_MATH = YES;
				SDKROOT = iphoneos;
				SWIFT_COMPILATION_MODE = wholemodule;
				SWIFT_OPTIMIZATION_LEVEL = "-O";
				VALIDATE_PRODUCT = YES;
			};
			name = Release;
		};
		282A1FBD293AEDD000F89E19 /* Debug */ = {
			isa = XCBuildConfiguration;
			baseConfigurationReference = FE2D072E2767DB175EB839EA /* Pods-Firebase-Demo.debug.xcconfig */;
			buildSettings = {
				ASSETCATALOG_COMPILER_APPICON_NAME = AppIcon;
				ASSETCATALOG_COMPILER_GLOBAL_ACCENT_COLOR_NAME = AccentColor;
				CODE_SIGN_STYLE = Automatic;
				CURRENT_PROJECT_VERSION = 1;
				GENERATE_INFOPLIST_FILE = YES;
				INFOPLIST_FILE = "Firebase-Demo/Info.plist";
				INFOPLIST_KEY_UIApplicationSupportsIndirectInputEvents = YES;
				INFOPLIST_KEY_UILaunchStoryboardName = LaunchScreen;
				INFOPLIST_KEY_UIMainStoryboardFile = Main;
				INFOPLIST_KEY_UISupportedInterfaceOrientations_iPad = "UIInterfaceOrientationPortrait UIInterfaceOrientationPortraitUpsideDown UIInterfaceOrientationLandscapeLeft UIInterfaceOrientationLandscapeRight";
				INFOPLIST_KEY_UISupportedInterfaceOrientations_iPhone = "UIInterfaceOrientationPortrait UIInterfaceOrientationLandscapeLeft UIInterfaceOrientationLandscapeRight";
				LD_RUNPATH_SEARCH_PATHS = (
					"$(inherited)",
					"@executable_path/Frameworks",
				);
				MARKETING_VERSION = 1.0;
				PRODUCT_BUNDLE_IDENTIFIER = "com.Laxmikanth.Firebase-Demo";
				PRODUCT_NAME = "$(TARGET_NAME)";
				SWIFT_EMIT_LOC_STRINGS = YES;
				SWIFT_VERSION = 5.0;
				TARGETED_DEVICE_FAMILY = "1,2";
			};
			name = Debug;
		};
		282A1FBE293AEDD000F89E19 /* Release */ = {
			isa = XCBuildConfiguration;
			baseConfigurationReference = E723981D4F7CC81C4D3507AF /* Pods-Firebase-Demo.release.xcconfig */;
			buildSettings = {
				ASSETCATALOG_COMPILER_APPICON_NAME = AppIcon;
				ASSETCATALOG_COMPILER_GLOBAL_ACCENT_COLOR_NAME = AccentColor;
				CODE_SIGN_STYLE = Automatic;
				CURRENT_PROJECT_VERSION = 1;
				GENERATE_INFOPLIST_FILE = YES;
				INFOPLIST_FILE = "Firebase-Demo/Info.plist";
				INFOPLIST_KEY_UIApplicationSupportsIndirectInputEvents = YES;
				INFOPLIST_KEY_UILaunchStoryboardName = LaunchScreen;
				INFOPLIST_KEY_UIMainStoryboardFile = Main;
				INFOPLIST_KEY_UISupportedInterfaceOrientations_iPad = "UIInterfaceOrientationPortrait UIInterfaceOrientationPortraitUpsideDown UIInterfaceOrientationLandscapeLeft UIInterfaceOrientationLandscapeRight";
				INFOPLIST_KEY_UISupportedInterfaceOrientations_iPhone = "UIInterfaceOrientationPortrait UIInterfaceOrientationLandscapeLeft UIInterfaceOrientationLandscapeRight";
				LD_RUNPATH_SEARCH_PATHS = (
					"$(inherited)",
					"@executable_path/Frameworks",
				);
				MARKETING_VERSION = 1.0;
				PRODUCT_BUNDLE_IDENTIFIER = "com.Laxmikanth.Firebase-Demo";
				PRODUCT_NAME = "$(TARGET_NAME)";
				SWIFT_EMIT_LOC_STRINGS = YES;
				SWIFT_VERSION = 5.0;
				TARGETED_DEVICE_FAMILY = "1,2";
			};
			name = Release;
		};
/* End XCBuildConfiguration section */

/* Begin XCConfigurationList section */
		282A1FA3293AEDC600F89E19 /* Build configuration list for PBXProject "Firebase-Demo" */ = {
			isa = XCConfigurationList;
			buildConfigurations = (
				282A1FBA293AEDD000F89E19 /* Debug */,
				282A1FBB293AEDD000F89E19 /* Release */,
			);
			defaultConfigurationIsVisible = 0;
			defaultConfigurationName = Release;
		};
		282A1FBC293AEDD000F89E19 /* Build configuration list for PBXNativeTarget "Firebase-Demo" */ = {
			isa = XCConfigurationList;
			buildConfigurations = (
				282A1FBD293AEDD000F89E19 /* Debug */,
				282A1FBE293AEDD000F89E19 /* Release */,
			);
			defaultConfigurationIsVisible = 0;
			defaultConfigurationName = Release;
		};
/* End XCConfigurationList section */
	};
	rootObject = 282A1FA0293AEDC600F89E19 /* Project object */;
}
